Microsoft Visual Studio Solution File, Format Version 12.00
# Visual Studio 2013
VisualStudioVersion = 12.0.40629.0
MinimumVisualStudioVersion = 10.0.40219.1
Project("{2150E333-8FDC-42A3-9474-1A3956D46DE8}") = "!PDFsharp", "!PDFsharp", "{603BA43F-715B-471B-897B-871FD0EC35A8}"
EndProject
Project("{FAE04EC0-301F-11D3-BF4B-00C04F79EFBC}") = "PdfSharp-gdi", "..\..\PDFsharp\src\PdfSharp-gdi\PdfSharp-gdi.csproj", "{5384CE57-1F94-4D22-860D-2E9C1AC12DDF}"
EndProject
Project("{FAE04EC0-301F-11D3-BF4B-00C04F79EFBC}") = "PdfSharp-wpf", "..\..\PDFsharp\src\PdfSharp-wpf\PdfSharp-wpf.csproj", "{02FCC0BB-2AA2-43BA-8D2F-66D168B87A1D}"
EndProject
Project("{FAE04EC0-301F-11D3-BF4B-00C04F79EFBC}") = "PdfSharp.Charting-wpf", "..\..\PDFsharp\src\PdfSharp.Charting-wpf\PdfSharp.Charting-wpf.csproj", "{E6A2734E-0CD6-4210-8AEC-47EE348F8D78}"
EndProject
Project("{FAE04EC0-301F-11D3-BF4B-00C04F79EFBC}") = "PdfSharp", "..\..\PDFsharp\src\PdfSharp\PdfSharp.csproj", "{5A6055BC-BF86-4FDD-9F62-0109DB7A303B}"
EndProject
Project("{FAE04EC0-301F-11D3-BF4B-00C04F79EFBC}") = "PdfSharp.Charting", "..\..\PDFsharp\src\PdfSharp.Charting\PdfSharp.Charting.csproj", "{6F98A822-41B0-4C7A-85A6-E95C1D3E88EF}"
EndProject
Project("{FAE04EC0-301F-11D3-BF4B-00C04F79EFBC}") = "MigraDoc.DocumentObjectModel", "MigraDoc.DocumentObjectModel\MigraDoc.DocumentObjectModel.csproj", "{6318A852-EF6B-486F-8547-3D7E736D7943}"
EndProject
Project("{FAE04EC0-301F-11D3-BF4B-00C04F79EFBC}") = "MigraDoc.Rendering", "MigraDoc.Rendering\MigraDoc.Rendering.csproj", "{A0B7940A-0BFC-476D-A204-73F7C0F88FDE}"
EndProject
Project("{FAE04EC0-301F-11D3-BF4B-00C04F79EFBC}") = "MigraDoc.RtfRendering", "MigraDoc.RtfRendering\MigraDoc.RtfRendering.csproj", "{BE1A7733-C8B8-47F2-B0C5-154009BB800D}"
EndProject
Project("{FAE04EC0-301F-11D3-BF4B-00C04F79EFBC}") = "PdfSharp.Charting-gdi", "..\..\PDFsharp\src\PdfSharp.Charting-gdi\PdfSharp.Charting-gdi.csproj", "{CFDB7D46-EA8D-47DE-B10A-9E755A1B48BA}"
EndProject
Project("{FAE04EC0-301F-11D3-BF4B-00C04F79EFBC}") = "MigraDoc.DocumentObjectModel-gdi", "MigraDoc.DocumentObjectModel-gdi\MigraDoc.DocumentObjectModel-gdi.csproj", "{4666ABF3-EFE5-49BD-B2E8-9E04F5949145}"
EndProject
Project("{FAE04EC0-301F-11D3-BF4B-00C04F79EFBC}") = "MigraDoc.DocumentObjectModel-wpf", "MigraDoc.DocumentObjectModel-wpf\MigraDoc.DocumentObjectModel-wpf.csproj", "{769E6587-72F9-475C-9422-D43ACD4C7AC1}"
EndProject
Project("{FAE04EC0-301F-11D3-BF4B-00C04F79EFBC}") = "MigraDoc.Rendering-gdi", "MigraDoc.Rendering-gdi\MigraDoc.Rendering-gdi.csproj", "{FEBBE5BE-9F58-4967-BBCF-801F1CFCD774}"
EndProject
Project("{FAE04EC0-301F-11D3-BF4B-00C04F79EFBC}") = "MigraDoc.Rendering-wpf", "MigraDoc.Rendering-wpf\MigraDoc.Rendering-wpf.csproj", "{497784DA-4FDD-43E5-BC4E-6702C8F1AEE0}"
EndProject
Project("{FAE04EC0-301F-11D3-BF4B-00C04F79EFBC}") = "MigraDoc.RtfRendering-wpf", "MigraDoc.RtfRendering-wpf\MigraDoc.RtfRendering-wpf.csproj", "{00416AAB-3EEE-44A2-923B-86782560CE00}"
EndProject
Project("{FAE04EC0-301F-11D3-BF4B-00C04F79EFBC}") = "MigraDoc.RtfRendering-gdi", "MigraDoc.RtfRendering-gdi\MigraDoc.RtfRendering-gdi.csproj", "{22010032-52DC-464D-B8BB-6CD9BF230D1F}"
EndProject
Global
	GlobalSection(SolutionConfigurationPlatforms) = preSolution
		Debug|Any CPU = Debug|Any CPU
		Debug|ARM = Debug|ARM
		Debug|Mixed Platforms = Debug|Mixed Platforms
		Debug|Win32 = Debug|Win32
		Debug|x86 = Debug|x86
		Release|Any CPU = Release|Any CPU
		Release|ARM = Release|ARM
		Release|Mixed Platforms = Release|Mixed Platforms
		Release|Win32 = Release|Win32
		Release|x86 = Release|x86
	EndGlobalSection
	GlobalSection(ProjectConfigurationPlatforms) = postSolution
		{5384CE57-1F94-4D22-860D-2E9C1AC12DDF}.Debug|Any CPU.ActiveCfg = Debug|Any CPU
		{5384CE57-1F94-4D22-860D-2E9C1AC12DDF}.Debug|Any CPU.Build.0 = Debug|Any CPU
		{5384CE57-1F94-4D22-860D-2E9C1AC12DDF}.Debug|ARM.ActiveCfg = Debug|Any CPU
		{5384CE57-1F94-4D22-860D-2E9C1AC12DDF}.Debug|Mixed Platforms.ActiveCfg = Debug|Any CPU
		{5384CE57-1F94-4D22-860D-2E9C1AC12DDF}.Debug|Mixed Platforms.Build.0 = Debug|Any CPU
		{5384CE57-1F94-4D22-860D-2E9C1AC12DDF}.Debug|Win32.ActiveCfg = Debug|Any CPU
		{5384CE57-1F94-4D22-860D-2E9C1AC12DDF}.Debug|x86.ActiveCfg = Debug|Any CPU
		{5384CE57-1F94-4D22-860D-2E9C1AC12DDF}.Release|Any CPU.ActiveCfg = Release|Any CPU
		{5384CE57-1F94-4D22-860D-2E9C1AC12DDF}.Release|Any CPU.Build.0 = Release|Any CPU
		{5384CE57-1F94-4D22-860D-2E9C1AC12DDF}.Release|ARM.ActiveCfg = Release|Any CPU
		{5384CE57-1F94-4D22-860D-2E9C1AC12DDF}.Release|Mixed Platforms.ActiveCfg = Release|Any CPU
		{5384CE57-1F94-4D22-860D-2E9C1AC12DDF}.Release|Mixed Platforms.Build.0 = Release|Any CPU
		{5384CE57-1F94-4D22-860D-2E9C1AC12DDF}.Release|Win32.ActiveCfg = Release|Any CPU
		{5384CE57-1F94-4D22-860D-2E9C1AC12DDF}.Release|x86.ActiveCfg = Release|Any CPU
		{02FCC0BB-2AA2-43BA-8D2F-66D168B87A1D}.Debug|Any CPU.ActiveCfg = Debug|Any CPU
		{02FCC0BB-2AA2-43BA-8D2F-66D168B87A1D}.Debug|Any CPU.Build.0 = Debug|Any CPU
		{02FCC0BB-2AA2-43BA-8D2F-66D168B87A1D}.Debug|ARM.ActiveCfg = Debug|Any CPU
		{02FCC0BB-2AA2-43BA-8D2F-66D168B87A1D}.Debug|Mixed Platforms.ActiveCfg = Debug|Any CPU
		{02FCC0BB-2AA2-43BA-8D2F-66D168B87A1D}.Debug|Mixed Platforms.Build.0 = Debug|Any CPU
		{02FCC0BB-2AA2-43BA-8D2F-66D168B87A1D}.Debug|Win32.ActiveCfg = Debug|Any CPU
		{02FCC0BB-2AA2-43BA-8D2F-66D168B87A1D}.Debug|x86.ActiveCfg = Debug|Any CPU
		{02FCC0BB-2AA2-43BA-8D2F-66D168B87A1D}.Release|Any CPU.ActiveCfg = Release|Any CPU
		{02FCC0BB-2AA2-43BA-8D2F-66D168B87A1D}.Release|Any CPU.Build.0 = Release|Any CPU
		{02FCC0BB-2AA2-43BA-8D2F-66D168B87A1D}.Release|ARM.ActiveCfg = Release|Any CPU
		{02FCC0BB-2AA2-43BA-8D2F-66D168B87A1D}.Release|Mixed Platforms.ActiveCfg = Release|Any CPU
		{02FCC0BB-2AA2-43BA-8D2F-66D168B87A1D}.Release|Mixed Platforms.Build.0 = Release|Any CPU
		{02FCC0BB-2AA2-43BA-8D2F-66D168B87A1D}.Release|Win32.ActiveCfg = Release|Any CPU
		{02FCC0BB-2AA2-43BA-8D2F-66D168B87A1D}.Release|x86.ActiveCfg = Release|Any CPU
		{E6A2734E-0CD6-4210-8AEC-47EE348F8D78}.Debug|Any CPU.ActiveCfg = Debug|Any CPU
		{E6A2734E-0CD6-4210-8AEC-47EE348F8D78}.Debug|Any CPU.Build.0 = Debug|Any CPU
		{E6A2734E-0CD6-4210-8AEC-47EE348F8D78}.Debug|ARM.ActiveCfg = Debug|Any CPU
		{E6A2734E-0CD6-4210-8AEC-47EE348F8D78}.Debug|Mixed Platforms.ActiveCfg = Debug|Any CPU
		{E6A2734E-0CD6-4210-8AEC-47EE348F8D78}.Debug|Mixed Platforms.Build.0 = Debug|Any CPU
		{E6A2734E-0CD6-4210-8AEC-47EE348F8D78}.Debug|Win32.ActiveCfg = Debug|Any CPU
		{E6A2734E-0CD6-4210-8AEC-47EE348F8D78}.Debug|x86.ActiveCfg = Debug|Any CPU
		{E6A2734E-0CD6-4210-8AEC-47EE348F8D78}.Release|Any CPU.ActiveCfg = Release|Any CPU
		{E6A2734E-0CD6-4210-8AEC-47EE348F8D78}.Release|Any CPU.Build.0 = Release|Any CPU
		{E6A2734E-0CD6-4210-8AEC-47EE348F8D78}.Release|ARM.ActiveCfg = Release|Any CPU
		{E6A2734E-0CD6-4210-8AEC-47EE348F8D78}.Release|Mixed Platforms.ActiveCfg = Release|Any CPU
		{E6A2734E-0CD6-4210-8AEC-47EE348F8D78}.Release|Mixed Platforms.Build.0 = Release|Any CPU
		{E6A2734E-0CD6-4210-8AEC-47EE348F8D78}.Release|Win32.ActiveCfg = Release|Any CPU
		{E6A2734E-0CD6-4210-8AEC-47EE348F8D78}.Release|x86.ActiveCfg = Release|Any CPU
		{5A6055BC-BF86-4FDD-9F62-0109DB7A303B}.Debug|Any CPU.ActiveCfg = Debug|Any CPU
		{5A6055BC-BF86-4FDD-9F62-0109DB7A303B}.Debug|Any CPU.Build.0 = Debug|Any CPU
		{5A6055BC-BF86-4FDD-9F62-0109DB7A303B}.Debug|ARM.ActiveCfg = Debug|Any CPU
		{5A6055BC-BF86-4FDD-9F62-0109DB7A303B}.Debug|Mixed Platforms.ActiveCfg = Debug|Any CPU
		{5A6055BC-BF86-4FDD-9F62-0109DB7A303B}.Debug|Mixed Platforms.Build.0 = Debug|Any CPU
		{5A6055BC-BF86-4FDD-9F62-0109DB7A303B}.Debug|Win32.ActiveCfg = Debug|Any CPU
		{5A6055BC-BF86-4FDD-9F62-0109DB7A303B}.Debug|x86.ActiveCfg = Debug|Any CPU
		{5A6055BC-BF86-4FDD-9F62-0109DB7A303B}.Release|Any CPU.ActiveCfg = Release|Any CPU
		{5A6055BC-BF86-4FDD-9F62-0109DB7A303B}.Release|Any CPU.Build.0 = Release|Any CPU
		{5A6055BC-BF86-4FDD-9F62-0109DB7A303B}.Release|ARM.ActiveCfg = Release|Any CPU
		{5A6055BC-BF86-4FDD-9F62-0109DB7A303B}.Release|Mixed Platforms.ActiveCfg = Release|Any CPU
		{5A6055BC-BF86-4FDD-9F62-0109DB7A303B}.Release|Mixed Platforms.Build.0 = Release|Any CPU
		{5A6055BC-BF86-4FDD-9F62-0109DB7A303B}.Release|Win32.ActiveCfg = Release|Any CPU
		{5A6055BC-BF86-4FDD-9F62-0109DB7A303B}.Release|x86.ActiveCfg = Release|Any CPU
		{6F98A822-41B0-4C7A-85A6-E95C1D3E88EF}.Debug|Any CPU.ActiveCfg = Debug|Any CPU
		{6F98A822-41B0-4C7A-85A6-E95C1D3E88EF}.Debug|Any CPU.Build.0 = Debug|Any CPU
		{6F98A822-41B0-4C7A-85A6-E95C1D3E88EF}.Debug|ARM.ActiveCfg = Debug|Any CPU
		{6F98A822-41B0-4C7A-85A6-E95C1D3E88EF}.Debug|Mixed Platforms.ActiveCfg = Debug|Any CPU
		{6F98A822-41B0-4C7A-85A6-E95C1D3E88EF}.Debug|Mixed Platforms.Build.0 = Debug|Any CPU
		{6F98A822-41B0-4C7A-85A6-E95C1D3E88EF}.Debug|Win32.ActiveCfg = Debug|Any CPU
		{6F98A822-41B0-4C7A-85A6-E95C1D3E88EF}.Debug|x86.ActiveCfg = Debug|Any CPU
		{6F98A822-41B0-4C7A-85A6-E95C1D3E88EF}.Release|Any CPU.ActiveCfg = Release|Any CPU
		{6F98A822-41B0-4C7A-85A6-E95C1D3E88EF}.Release|Any CPU.Build.0 = Release|Any CPU
		{6F98A822-41B0-4C7A-85A6-E95C1D3E88EF}.Release|ARM.ActiveCfg = Release|Any CPU
		{6F98A822-41B0-4C7A-85A6-E95C1D3E88EF}.Release|Mixed Platforms.ActiveCfg = Release|Any CPU
		{6F98A822-41B0-4C7A-85A6-E95C1D3E88EF}.Release|Mixed Platforms.Build.0 = Release|Any CPU
		{6F98A822-41B0-4C7A-85A6-E95C1D3E88EF}.Release|Win32.ActiveCfg = Release|Any CPU
		{6F98A822-41B0-4C7A-85A6-E95C1D3E88EF}.Release|x86.ActiveCfg = Release|Any CPU
		{6318A852-EF6B-486F-8547-3D7E736D7943}.Debug|Any CPU.ActiveCfg = Debug|Any CPU
		{6318A852-EF6B-486F-8547-3D7E736D7943}.Debug|Any CPU.Build.0 = Debug|Any CPU
		{6318A852-EF6B-486F-8547-3D7E736D7943}.Debug|ARM.ActiveCfg = Debug|Any CPU
		{6318A852-EF6B-486F-8547-3D7E736D7943}.Debug|Mixed Platforms.ActiveCfg = Debug|Any CPU
		{6318A852-EF6B-486F-8547-3D7E736D7943}.Debug|Mixed Platforms.Build.0 = Debug|Any CPU
		{6318A852-EF6B-486F-8547-3D7E736D7943}.Debug|Win32.ActiveCfg = Debug|Any CPU
		{6318A852-EF6B-486F-8547-3D7E736D7943}.Debug|x86.ActiveCfg = Debug|Any CPU
		{6318A852-EF6B-486F-8547-3D7E736D7943}.Release|Any CPU.ActiveCfg = Release|Any CPU
		{6318A852-EF6B-486F-8547-3D7E736D7943}.Release|Any CPU.Build.0 = Release|Any CPU
		{6318A852-EF6B-486F-8547-3D7E736D7943}.Release|ARM.ActiveCfg = Release|Any CPU
		{6318A852-EF6B-486F-8547-3D7E736D7943}.Release|Mixed Platforms.ActiveCfg = Release|Any CPU
		{6318A852-EF6B-486F-8547-3D7E736D7943}.Release|Mixed Platforms.Build.0 = Release|Any CPU
		{6318A852-EF6B-486F-8547-3D7E736D7943}.Release|Win32.ActiveCfg = Release|Any CPU
		{6318A852-EF6B-486F-8547-3D7E736D7943}.Release|x86.ActiveCfg = Release|Any CPU
		{A0B7940A-0BFC-476D-A204-73F7C0F88FDE}.Debug|Any CPU.ActiveCfg = Debug|Any CPU
		{A0B7940A-0BFC-476D-A204-73F7C0F88FDE}.Debug|Any CPU.Build.0 = Debug|Any CPU
		{A0B7940A-0BFC-476D-A204-73F7C0F88FDE}.Debug|ARM.ActiveCfg = Debug|Any CPU
		{A0B7940A-0BFC-476D-A204-73F7C0F88FDE}.Debug|Mixed Platforms.ActiveCfg = Debug|Any CPU
		{A0B7940A-0BFC-476D-A204-73F7C0F88FDE}.Debug|Mixed Platforms.Build.0 = Debug|Any CPU
		{A0B7940A-0BFC-476D-A204-73F7C0F88FDE}.Debug|Win32.ActiveCfg = Debug|Any CPU
		{A0B7940A-0BFC-476D-A204-73F7C0F88FDE}.Debug|x86.ActiveCfg = Debug|Any CPU
		{A0B7940A-0BFC-476D-A204-73F7C0F88FDE}.Release|Any CPU.ActiveCfg = Release|Any CPU
		{A0B7940A-0BFC-476D-A204-73F7C0F88FDE}.Release|Any CPU.Build.0 = Release|Any CPU
		{A0B7940A-0BFC-476D-A204-73F7C0F88FDE}.Release|ARM.ActiveCfg = Release|Any CPU
		{A0B7940A-0BFC-476D-A204-73F7C0F88FDE}.Release|Mixed Platforms.ActiveCfg = Release|Any CPU
		{A0B7940A-0BFC-476D-A204-73F7C0F88FDE}.Release|Mixed Platforms.Build.0 = Release|Any CPU
		{A0B7940A-0BFC-476D-A204-73F7C0F88FDE}.Release|Win32.ActiveCfg = Release|Any CPU
		{A0B7940A-0BFC-476D-A204-73F7C0F88FDE}.Release|x86.ActiveCfg = Release|Any CPU
		{BE1A7733-C8B8-47F2-B0C5-154009BB800D}.Debug|Any CPU.ActiveCfg = Debug|Any CPU
		{BE1A7733-C8B8-47F2-B0C5-154009BB800D}.Debug|Any CPU.Build.0 = Debug|Any CPU
		{BE1A7733-C8B8-47F2-B0C5-154009BB800D}.Debug|ARM.ActiveCfg = Debug|Any CPU
		{BE1A7733-C8B8-47F2-B0C5-154009BB800D}.Debug|Mixed Platforms.ActiveCfg = Debug|Any CPU
		{BE1A7733-C8B8-47F2-B0C5-154009BB800D}.Debug|Mixed Platforms.Build.0 = Debug|Any CPU
		{BE1A7733-C8B8-47F2-B0C5-154009BB800D}.Debug|Win32.ActiveCfg = Debug|Any CPU
		{BE1A7733-C8B8-47F2-B0C5-154009BB800D}.Debug|x86.ActiveCfg = Debug|Any CPU
		{BE1A7733-C8B8-47F2-B0C5-154009BB800D}.Release|Any CPU.ActiveCfg = Release|Any CPU
		{BE1A7733-C8B8-47F2-B0C5-154009BB800D}.Release|Any CPU.Build.0 = Release|Any CPU
		{BE1A7733-C8B8-47F2-B0C5-154009BB800D}.Release|ARM.ActiveCfg = Release|Any CPU
		{BE1A7733-C8B8-47F2-B0C5-154009BB800D}.Release|Mixed Platforms.ActiveCfg = Release|Any CPU
		{BE1A7733-C8B8-47F2-B0C5-154009BB800D}.Release|Mixed Platforms.Build.0 = Release|Any CPU
		{BE1A7733-C8B8-47F2-B0C5-154009BB800D}.Release|Win32.ActiveCfg = Release|Any CPU
		{BE1A7733-C8B8-47F2-B0C5-154009BB800D}.Release|x86.ActiveCfg = Release|Any CPU
		{CFDB7D46-EA8D-47DE-B10A-9E755A1B48BA}.Debug|Any CPU.ActiveCfg = Debug|Any CPU
		{CFDB7D46-EA8D-47DE-B10A-9E755A1B48BA}.Debug|Any CPU.Build.0 = Debug|Any CPU
		{CFDB7D46-EA8D-47DE-B10A-9E755A1B48BA}.Debug|ARM.ActiveCfg = Debug|Any CPU
		{CFDB7D46-EA8D-47DE-B10A-9E755A1B48BA}.Debug|Mixed Platforms.ActiveCfg = Debug|Any CPU
		{CFDB7D46-EA8D-47DE-B10A-9E755A1B48BA}.Debug|Mixed Platforms.Build.0 = Debug|Any CPU
		{CFDB7D46-EA8D-47DE-B10A-9E755A1B48BA}.Debug|Win32.ActiveCfg = Debug|Any CPU
		{CFDB7D46-EA8D-47DE-B10A-9E755A1B48BA}.Debug|x86.ActiveCfg = Debug|Any CPU
		{CFDB7D46-EA8D-47DE-B10A-9E755A1B48BA}.Release|Any CPU.ActiveCfg = Release|Any CPU
		{CFDB7D46-EA8D-47DE-B10A-9E755A1B48BA}.Release|Any CPU.Build.0 = Release|Any CPU
		{CFDB7D46-EA8D-47DE-B10A-9E755A1B48BA}.Release|ARM.ActiveCfg = Release|Any CPU
		{CFDB7D46-EA8D-47DE-B10A-9E755A1B48BA}.Release|Mixed Platforms.ActiveCfg = Release|Any CPU
		{CFDB7D46-EA8D-47DE-B10A-9E755A1B48BA}.Release|Mixed Platforms.Build.0 = Release|Any CPU
		{CFDB7D46-EA8D-47DE-B10A-9E755A1B48BA}.Release|Win32.ActiveCfg = Release|Any CPU
		{CFDB7D46-EA8D-47DE-B10A-9E755A1B48BA}.Release|x86.ActiveCfg = Release|Any CPU
		{4666ABF3-EFE5-49BD-B2E8-9E04F5949145}.Debug|Any CPU.ActiveCfg = Debug|Any CPU
		{4666ABF3-EFE5-49BD-B2E8-9E04F5949145}.Debug|Any CPU.Build.0 = Debug|Any CPU
		{4666ABF3-EFE5-49BD-B2E8-9E04F5949145}.Debug|ARM.ActiveCfg = Debug|Any CPU
		{4666ABF3-EFE5-49BD-B2E8-9E04F5949145}.Debug|Mixed Platforms.ActiveCfg = Debug|Any CPU
		{4666ABF3-EFE5-49BD-B2E8-9E04F5949145}.Debug|Mixed Platforms.Build.0 = Debug|Any CPU
		{4666ABF3-EFE5-49BD-B2E8-9E04F5949145}.Debug|Win32.ActiveCfg = Debug|Any CPU
		{4666ABF3-EFE5-49BD-B2E8-9E04F5949145}.Debug|x86.ActiveCfg = Debug|Any CPU
		{4666ABF3-EFE5-49BD-B2E8-9E04F5949145}.Release|Any CPU.ActiveCfg = Release|Any CPU
		{4666ABF3-EFE5-49BD-B2E8-9E04F5949145}.Release|Any CPU.Build.0 = Release|Any CPU
		{4666ABF3-EFE5-49BD-B2E8-9E04F5949145}.Release|ARM.ActiveCfg = Release|Any CPU
		{4666ABF3-EFE5-49BD-B2E8-9E04F5949145}.Release|Mixed Platforms.ActiveCfg = Release|Any CPU
		{4666ABF3-EFE5-49BD-B2E8-9E04F5949145}.Release|Mixed Platforms.Build.0 = Release|Any CPU
		{4666ABF3-EFE5-49BD-B2E8-9E04F5949145}.Release|Win32.ActiveCfg = Release|Any CPU
		{4666ABF3-EFE5-49BD-B2E8-9E04F5949145}.Release|x86.ActiveCfg = Release|Any CPU
		{769E6587-72F9-475C-9422-D43ACD4C7AC1}.Debug|Any CPU.ActiveCfg = Debug|Any CPU
		{769E6587-72F9-475C-9422-D43ACD4C7AC1}.Debug|Any CPU.Build.0 = Debug|Any CPU
		{769E6587-72F9-475C-9422-D43ACD4C7AC1}.Debug|ARM.ActiveCfg = Debug|Any CPU
		{769E6587-72F9-475C-9422-D43ACD4C7AC1}.Debug|Mixed Platforms.ActiveCfg = Debug|Any CPU
		{769E6587-72F9-475C-9422-D43ACD4C7AC1}.Debug|Mixed Platforms.Build.0 = Debug|Any CPU
		{769E6587-72F9-475C-9422-D43ACD4C7AC1}.Debug|Win32.ActiveCfg = Debug|Any CPU
		{769E6587-72F9-475C-9422-D43ACD4C7AC1}.Debug|x86.ActiveCfg = Debug|Any CPU
		{769E6587-72F9-475C-9422-D43ACD4C7AC1}.Release|Any CPU.ActiveCfg = Release|Any CPU
		{769E6587-72F9-475C-9422-D43ACD4C7AC1}.Release|Any CPU.Build.0 = Release|Any CPU
		{769E6587-72F9-475C-9422-D43ACD4C7AC1}.Release|ARM.ActiveCfg = Release|Any CPU
		{769E6587-72F9-475C-9422-D43ACD4C7AC1}.Release|Mixed Platforms.ActiveCfg = Release|Any CPU
		{769E6587-72F9-475C-9422-D43ACD4C7AC1}.Release|Mixed Platforms.Build.0 = Release|Any CPU
		{769E6587-72F9-475C-9422-D43ACD4C7AC1}.Release|Win32.ActiveCfg = Release|Any CPU
		{769E6587-72F9-475C-9422-D43ACD4C7AC1}.Release|x86.ActiveCfg = Release|Any CPU
		{FEBBE5BE-9F58-4967-BBCF-801F1CFCD774}.Debug|Any CPU.ActiveCfg = Debug|Any CPU
		{FEBBE5BE-9F58-4967-BBCF-801F1CFCD774}.Debug|Any CPU.Build.0 = Debug|Any CPU
		{FEBBE5BE-9F58-4967-BBCF-801F1CFCD774}.Debug|ARM.ActiveCfg = Debug|Any CPU
		{FEBBE5BE-9F58-4967-BBCF-801F1CFCD774}.Debug|Mixed Platforms.ActiveCfg = Debug|Any CPU
		{FEBBE5BE-9F58-4967-BBCF-801F1CFCD774}.Debug|Mixed Platforms.Build.0 = Debug|Any CPU
		{FEBBE5BE-9F58-4967-BBCF-801F1CFCD774}.Debug|Win32.ActiveCfg = Debug|Any CPU
		{FEBBE5BE-9F58-4967-BBCF-801F1CFCD774}.Debug|x86.ActiveCfg = Debug|Any CPU
		{FEBBE5BE-9F58-4967-BBCF-801F1CFCD774}.Release|Any CPU.ActiveCfg = Release|Any CPU
		{FEBBE5BE-9F58-4967-BBCF-801F1CFCD774}.Release|Any CPU.Build.0 = Release|Any CPU
		{FEBBE5BE-9F58-4967-BBCF-801F1CFCD774}.Release|ARM.ActiveCfg = Release|Any CPU
		{FEBBE5BE-9F58-4967-BBCF-801F1CFCD774}.Release|Mixed Platforms.ActiveCfg = Release|Any CPU
		{FEBBE5BE-9F58-4967-BBCF-801F1CFCD774}.Release|Mixed Platforms.Build.0 = Release|Any CPU
		{FEBBE5BE-9F58-4967-BBCF-801F1CFCD774}.Release|Win32.ActiveCfg = Release|Any CPU
		{FEBBE5BE-9F58-4967-BBCF-801F1CFCD774}.Release|x86.ActiveCfg = Release|Any CPU
		{497784DA-4FDD-43E5-BC4E-6702C8F1AEE0}.Debug|Any CPU.ActiveCfg = Debug|Any CPU
		{497784DA-4FDD-43E5-BC4E-6702C8F1AEE0}.Debug|Any CPU.Build.0 = Debug|Any CPU
		{497784DA-4FDD-43E5-BC4E-6702C8F1AEE0}.Debug|ARM.ActiveCfg = Debug|Any CPU
		{497784DA-4FDD-43E5-BC4E-6702C8F1AEE0}.Debug|Mixed Platforms.ActiveCfg = Debug|Any CPU
		{497784DA-4FDD-43E5-BC4E-6702C8F1AEE0}.Debug|Mixed Platforms.Build.0 = Debug|Any CPU
		{497784DA-4FDD-43E5-BC4E-6702C8F1AEE0}.Debug|Win32.ActiveCfg = Debug|Any CPU
		{497784DA-4FDD-43E5-BC4E-6702C8F1AEE0}.Debug|x86.ActiveCfg = Debug|Any CPU
		{497784DA-4FDD-43E5-BC4E-6702C8F1AEE0}.Release|Any CPU.ActiveCfg = Release|Any CPU
		{497784DA-4FDD-43E5-BC4E-6702C8F1AEE0}.Release|Any CPU.Build.0 = Release|Any CPU
		{497784DA-4FDD-43E5-BC4E-6702C8F1AEE0}.Release|ARM.ActiveCfg = Release|Any CPU
		{497784DA-4FDD-43E5-BC4E-6702C8F1AEE0}.Release|Mixed Platforms.ActiveCfg = Release|Any CPU
		{497784DA-4FDD-43E5-BC4E-6702C8F1AEE0}.Release|Mixed Platforms.Build.0 = Release|Any CPU
		{497784DA-4FDD-43E5-BC4E-6702C8F1AEE0}.Release|Win32.ActiveCfg = Release|Any CPU
		{497784DA-4FDD-43E5-BC4E-6702C8F1AEE0}.Release|x86.ActiveCfg = Release|Any CPU
		{00416AAB-3EEE-44A2-923B-86782560CE00}.Debug|Any CPU.ActiveCfg = Debug|Any CPU
		{00416AAB-3EEE-44A2-923B-86782560CE00}.Debug|Any CPU.Build.0 = Debug|Any CPU
		{00416AAB-3EEE-44A2-923B-86782560CE00}.Debug|ARM.ActiveCfg = Debug|Any CPU
		{00416AAB-3EEE-44A2-923B-86782560CE00}.Debug|Mixed Platforms.ActiveCfg = Debug|Any CPU
		{00416AAB-3EEE-44A2-923B-86782560CE00}.Debug|Mixed Platforms.Build.0 = Debug|Any CPU
		{00416AAB-3EEE-44A2-923B-86782560CE00}.Debug|Win32.ActiveCfg = Debug|Any CPU
		{00416AAB-3EEE-44A2-923B-86782560CE00}.Debug|x86.ActiveCfg = Debug|Any CPU
		{00416AAB-3EEE-44A2-923B-86782560CE00}.Release|Any CPU.ActiveCfg = Release|Any CPU
		{00416AAB-3EEE-44A2-923B-86782560CE00}.Release|Any CPU.Build.0 = Release|Any CPU
		{00416AAB-3EEE-44A2-923B-86782560CE00}.Release|ARM.ActiveCfg = Release|Any CPU
		{00416AAB-3EEE-44A2-923B-86782560CE00}.Release|Mixed Platforms.ActiveCfg = Release|Any CPU
		{00416AAB-3EEE-44A2-923B-86782560CE00}.Release|Mixed Platforms.Build.0 = Release|Any CPU
		{00416AAB-3EEE-44A2-923B-86782560CE00}.Release|Win32.ActiveCfg = Release|Any CPU
		{00416AAB-3EEE-44A2-923B-86782560CE00}.Release|x86.ActiveCfg = Release|Any CPU
		{22010032-52DC-464D-B8BB-6CD9BF230D1F}.Debug|Any CPU.ActiveCfg = Debug|Any CPU
		{22010032-52DC-464D-B8BB-6CD9BF230D1F}.Debug|Any CPU.Build.0 = Debug|Any CPU
		{22010032-52DC-464D-B8BB-6CD9BF230D1F}.Debug|ARM.ActiveCfg = Debug|Any CPU
		{22010032-52DC-464D-B8BB-6CD9BF230D1F}.Debug|Mixed Platforms.ActiveCfg = Debug|Any CPU
		{22010032-52DC-464D-B8BB-6CD9BF230D1F}.Debug|Mixed Platforms.Build.0 = Debug|Any CPU
		{22010032-52DC-464D-B8BB-6CD9BF230D1F}.Debug|Win32.ActiveCfg = Debug|Any CPU
		{22010032-52DC-464D-B8BB-6CD9BF230D1F}.Debug|x86.ActiveCfg = Debug|Any CPU
		{22010032-52DC-464D-B8BB-6CD9BF230D1F}.Release|Any CPU.ActiveCfg = Release|Any CPU
		{22010032-52DC-464D-B8BB-6CD9BF230D1F}.Release|Any CPU.Build.0 = Release|Any CPU
		{22010032-52DC-464D-B8BB-6CD9BF230D1F}.Release|ARM.ActiveCfg = Release|Any CPU
		{22010032-52DC-464D-B8BB-6CD9BF230D1F}.Release|Mixed Platforms.ActiveCfg = Release|Any CPU
		{22010032-52DC-464D-B8BB-6CD9BF230D1F}.Release|Mixed Platforms.Build.0 = Release|Any CPU
		{22010032-52DC-464D-B8BB-6CD9BF230D1F}.Release|Win32.ActiveCfg = Release|Any CPU
		{22010032-52DC-464D-B8BB-6CD9BF230D1F}.Release|x86.ActiveCfg = Release|Any CPU
	EndGlobalSection
	GlobalSection(SolutionProperties) = preSolution
		HideSolutionNode = FALSE
	EndGlobalSection
	GlobalSection(NestedProjects) = preSolution
		{5384CE57-1F94-4D22-860D-2E9C1AC12DDF} = {603BA43F-715B-471B-897B-871FD0EC35A8}
		{02FCC0BB-2AA2-43BA-8D2F-66D168B87A1D} = {603BA43F-715B-471B-897B-871FD0EC35A8}
		{E6A2734E-0CD6-4210-8AEC-47EE348F8D78} = {603BA43F-715B-471B-897B-871FD0EC35A8}
		{5A6055BC-BF86-4FDD-9F62-0109DB7A303B} = {603BA43F-715B-471B-897B-871FD0EC35A8}
		{6F98A822-41B0-4C7A-85A6-E95C1D3E88EF} = {603BA43F-715B-471B-897B-871FD0EC35A8}
		{CFDB7D46-EA8D-47DE-B10A-9E755A1B48BA} = {603BA43F-715B-471B-897B-871FD0EC35A8}
	EndGlobalSection
EndGlobal
